// !$*UTF8*$!
{
	archiveVersion = 1;
	classes = {
	};
	objectVersion = 46;
	objects = {

/* Begin PBXBuildFile section */
		FA17A3C020383324003C8358 /* CarMap.cpp in Sources */ = {isa = PBXBuildFile; fileRef = FA17A3BF20383324003C8358 /* CarMap.cpp */; };
		FA17A3C320394A25003C8358 /* newMap.cpp in Sources */ = {isa = PBXBuildFile; fileRef = FA17A3C220394A25003C8358 /* newMap.cpp */; };
		FAB765EF2031788800D46D16 /* main.cpp in Sources */ = {isa = PBXBuildFile; fileRef = FAB765EE2031788800D46D16 /* main.cpp */; };
		FAB765F7203178C300D46D16 /* Map.cpp in Sources */ = {isa = PBXBuildFile; fileRef = FAB765F6203178C300D46D16 /* Map.cpp */; };
/* End PBXBuildFile section */

/* Begin PBXCopyFilesBuildPhase section */
		FAB765E92031788800D46D16 /* CopyFiles */ = {
			isa = PBXCopyFilesBuildPhase;
			buildActionMask = 2147483647;
			dstPath = /usr/share/man/man1/;
			dstSubfolderSpec = 0;
			files = (
			);
			runOnlyForDeploymentPostprocessing = 1;
		};
/* End PBXCopyFilesBuildPhase section */

/* Begin PBXFileReference section */
		FA17A3BE2038329B003C8358 /* CarMap.h */ = {isa = PBXFileReference; lastKnownFileType = sourcecode.c.h; path = CarMap.h; sourceTree = "<group>"; };
		FA17A3BF20383324003C8358 /* CarMap.cpp */ = {isa = PBXFileReference; fileEncoding = 4; lastKnownFileType = sourcecode.cpp.cpp; path = CarMap.cpp; sourceTree = "<group>"; };
		FA17A3C120394A09003C8358 /* newMap.h */ = {isa = PBXFileReference; lastKnownFileType = sourcecode.c.h; path = newMap.h; sourceTree = "<group>"; };
		FA17A3C220394A25003C8358 /* newMap.cpp */ = {isa = PBXFileReference; fileEncoding = 4; lastKnownFileType = sourcecode.cpp.cpp; path = newMap.cpp; sourceTree = "<group>"; };
		FAB765EB2031788800D46D16 /* home1 */ = {isa = PBXFileReference; explicitFileType = "compiled.mach-o.executable"; includeInIndex = 0; path = home1; sourceTree = BUILT_PRODUCTS_DIR; };
		FAB765EE2031788800D46D16 /* main.cpp */ = {isa = PBXFileReference; lastKnownFileType = sourcecode.cpp.cpp; path = main.cpp; sourceTree = "<group>"; };
		FAB765F5203178B100D46D16 /* Map.h */ = {isa = PBXFileReference; lastKnownFileType = sourcecode.c.h; path = Map.h; sourceTree = "<group>"; };
		FAB765F6203178C300D46D16 /* Map.cpp */ = {isa = PBXFileReference; fileEncoding = 4; lastKnownFileType = sourcecode.cpp.cpp; path = Map.cpp; sourceTree = "<group>"; };
/* End PBXFileReference section */

/* Begin PBXFrameworksBuildPhase section */
		FAB765E82031788800D46D16 /* Frameworks */ = {
			isa = PBXFrameworksBuildPhase;
			buildActionMask = 2147483647;
			files = (
			);
			runOnlyForDeploymentPostprocessing = 0;
		};
/* End PBXFrameworksBuildPhase section */

/* Begin PBXGroup section */
		FAB765E22031788700D46D16 = {
			isa = PBXGroup;
			children = (
				FAB765ED2031788800D46D16 /* home1 */,
				FAB765EC2031788800D46D16 /* Products */,
			);
			sourceTree = "<group>";
		};
		FAB765EC2031788800D46D16 /* Products */ = {
			isa = PBXGroup;
			children = (
				FAB765EB2031788800D46D16 /* home1 */,
			);
			name = Products;
			sourceTree = "<group>";
		};
		FAB765ED2031788800D46D16 /* home1 */ = {
			isa = PBXGroup;
			children = (
				FAB765EE2031788800D46D16 /* main.cpp */,
				FAB765F5203178B100D46D16 /* Map.h */,
				FAB765F6203178C300D46D16 /* Map.cpp */,
				FA17A3BE2038329B003C8358 /* CarMap.h */,
				FA17A3BF20383324003C8358 /* CarMap.cpp */,
				FA17A3C120394A09003C8358 /* newMap.h */,
				FA17A3C220394A25003C8358 /* newMap.cpp */,
			);
			path = home1;
			sourceTree = "<group>";
		};
/* End PBXGroup section */

/* Begin PBXNativeTarget section */
		FAB765EA2031788800D46D16 /* home1 */ = {
			isa = PBXNativeTarget;
			buildConfigurationList = FAB765F22031788800D46D16 /* Build configuration list for PBXNativeTarget "home1" */;
			buildPhases = (
				FAB765E72031788800D46D16 /* Sources */,
				FAB765E82031788800D46D16 /* Frameworks */,
				FAB765E92031788800D46D16 /* CopyFiles */,
			);
			buildRules = (
			);
			dependencies = (
			);
			name = home1;
			productName = home1;
			productReference = FAB765EB2031788800D46D16 /* home1 */;
			productType = "com.apple.product-type.tool";
		};
/* End PBXNativeTarget section */

/* Begin PBXProject section */
		FAB765E32031788700D46D16 /* Project object */ = {
			isa = PBXProject;
			attributes = {
				LastUpgradeCheck = 0730;
				ORGANIZATIONNAME = "Phoenix Trejo";
				TargetAttributes = {
					FAB765EA2031788800D46D16 = {
						CreatedOnToolsVersion = 7.3.1;
					};
				};
			};
			buildConfigurationList = FAB765E62031788700D46D16 /* Build configuration list for PBXProject "home1" */;
			compatibilityVersion = "Xcode 3.2";
			developmentRegion = English;
			hasScannedForEncodings = 0;
			knownRegions = (
				en,
			);
			mainGroup = FAB765E22031788700D46D16;
			productRefGroup = FAB765EC2031788800D46D16 /* Products */;
			projectDirPath = "";
			projectRoot = "";
			targets = (
				FAB765EA2031788800D46D16 /* home1 */,
			);
		};
/* End PBXProject section */

/* Begin PBXSourcesBuildPhase section */
		FAB765E72031788800D46D16 /* Sources */ = {
			isa = PBXSourcesBuildPhase;
			buildActionMask = 2147483647;
			files = (
				FAB765F7203178C300D46D16 /* Map.cpp in Sources */,
				FAB765EF2031788800D46D16 /* main.cpp in Sources */,
				FA17A3C020383324003C8358 /* CarMap.cpp in Sources */,
				FA17A3C320394A25003C8358 /* newMap.cpp in Sources */,
			);
			runOnlyForDeploymentPostprocessing = 0;
		};
/* End PBXSourcesBuildPhase section */

/* Begin XCBuildConfiguration section */
		FAB765F02031788800D46D16 /* Debug */ = {
			isa = XCBuildConfiguration;
			buildSettings = {
				ALWAYS_SEARCH_USER_PATHS = NO;
				CLANG_ANALYZER_NONNULL = YES;
				CLANG_CXX_LANGUAGE_STANDARD = "gnu++0x";
				CLANG_CXX_LIBRARY = "libc++";
				CLANG_ENABLE_MODULES = YES;
				CLANG_ENABLE_OBJC_ARC = YES;
				CLANG_WARN_BOOL_CONVERSION = YES;
				CLANG_WARN_CONSTANT_CONVERSION = YES;
				CLANG_WARN_DIRECT_OBJC_ISA_USAGE = YES_ERROR;
				CLANG_WARN_EMPTY_BODY = YES;
				CLANG_WARN_ENUM_CONVERSION = YES;
				CLANG_WARN_INT_CONVERSION = YES;
				CLANG_WARN_OBJC_ROOT_CLASS = YES_ERROR;
				CLANG_WARN_UNREACHABLE_CODE = YES;
				CLANG_WARN__DUPLICATE_METHOD_MATCH = YES;
				CODE_SIGN_IDENTITY = "-";
				COPY_PHASE_STRIP = NO;
				DEBUG_INFORMATION_FORMAT = dwarf;
				ENABLE_STRICT_OBJC_MSGSEND = YES;
				ENABLE_TESTABILITY = YES;
				GCC_C_LANGUAGE_STANDARD = gnu99;
				GCC_DYNAMIC_NO_PIC = NO;
				GCC_NO_COMMON_BLOCKS = YES;
				GCC_OPTIMIZATION_LEVEL = 0;
				GCC_PREPROCESSOR_DEFINITIONS = (
					"DEBUG=1",
					"$(inherited)",
				);
				GCC_WARN_64_TO_32_BIT_CONVERSION = YES;
				GCC_WARN_ABOUT_RETURN_TYPE = YES_ERROR;
				GCC_WARN_UNDECLARED_SELECTOR = YES;
				GCC_WARN_UNINITIALIZED_AUTOS = YES_AGGRESSIVE;
				GCC_WARN_UNUSED_FUNCTION = YES;
				GCC_WARN_UNUSED_VARIABLE = YES;
				MACOSX_DEPLOYMENT_TARGET = 10.11;
				MTL_ENABLE_DEBUG_INFO = YES;
				ONLY_ACTIVE_ARCH = YES;
				SDKROOT = macosx;
			};
			name = Debug;
		};
		FAB765F12031788800D46D16 /* Release */ = {
			isa = XCBuildConfiguration;
			buildSettings = {
				ALWAYS_SEARCH_USER_PATHS = NO;
				CLANG_ANALYZER_NONNULL = YES;
				CLANG_CXX_LANGUAGE_STANDARD = "gnu++0x";
				CLANG_CXX_LIBRARY = "libc++";
				CLANG_ENABLE_MODULES = YES;
				CLANG_ENABLE_OBJC_ARC = YES;
				CLANG_WARN_BOOL_CONVERSION = YES;
				CLANG_WARN_CONSTANT_CONVERSION = YES;
				CLANG_WARN_DIRECT_OBJC_ISA_USAGE = YES_ERROR;
				CLANG_WARN_EMPTY_BODY = YES;
				CLANG_WARN_ENUM_CONVERSION = YES;
				CLANG_WARN_INT_CONVERSION = YES;
				CLANG_WARN_OBJC_ROOT_CLASS = YES_ERROR;
				CLANG_WARN_UNREACHABLE_CODE = YES;
				CLANG_WARN__DUPLICATE_METHOD_MATCH = YES;
				CODE_SIGN_IDENTITY = "-";
				COPY_PHASE_STRIP = NO;
				DEBUG_INFORMATION_FORMAT = "dwarf-with-dsym";
				ENABLE_NS_ASSERTIONS = NO;
				ENABLE_STRICT_OBJC_MSGSEND = YES;
				GCC_C_LANGUAGE_STANDARD = gnu99;
				GCC_NO_COMMON_BLOCKS = YES;
				GCC_WARN_64_TO_32_BIT_CONVERSION = YES;
				GCC_WARN_ABOUT_RETURN_TYPE = YES_ERROR;
				GCC_WARN_UNDECLARED_SELECTOR = YES;
				GCC_WARN_UNINITIALIZED_AUTOS = YES_AGGRESSIVE;
				GCC_WARN_UNUSED_FUNCTION = YES;
				GCC_WARN_UNUSED_VARIABLE = YES;
				MACOSX_DEPLOYMENT_TARGET = 10.11;
				MTL_ENABLE_DEBUG_INFO = NO;
				SDKROOT = macosx;
			};
			name = Release;
		};
		FAB765F32031788800D46D16 /* Debug */ = {
			isa = XCBuildConfiguration;
			buildSettings = {
				PRODUCT_NAME = "$(TARGET_NAME)";
			};
			name = Debug;
		};
		FAB765F42031788800D46D16 /* Release */ = {
			isa = XCBuildConfiguration;
			buildSettings = {
				PRODUCT_NAME = "$(TARGET_NAME)";
			};
			name = Release;
		};
/* End XCBuildConfiguration section */

/* Begin XCConfigurationList section */
		FAB765E62031788700D46D16 /* Build configuration list for PBXProject "home1" */ = {
			isa = XCConfigurationList;
			buildConfigurations = (
				FAB765F02031788800D46D16 /* Debug */,
				FAB765F12031788800D46D16 /* Release */,
			);
			defaultConfigurationIsVisible = 0;
			defaultConfigurationName = Release;
		};
		FAB765F22031788800D46D16 /* Build configuration list for PBXNativeTarget "home1" */ = {
			isa = XCConfigurationList;
			buildConfigurations = (
				FAB765F32031788800D46D16 /* Debug */,
				FAB765F42031788800D46D16 /* Release */,
			);
			defaultConfigurationIsVisible = 0;
			defaultConfigurationName = Release;
		};
/* End XCConfigurationList section */
	};
	rootObject = FAB765E32031788700D46D16 /* Project object */;
}
